
Microsoft Visual Studio Solution File, Format Version 12.00
# Visual Studio Version 17
VisualStudioVersion = 17.1.32421.90
MinimumVisualStudioVersion = 10.0.40219.1
Project("{FAE04EC0-301F-11D3-BF4B-00C04F79EFBC}") = "StackExp", "StackExp\StackExp.csproj", "{488759C2-3214-4782-A35B-A205EF595EF7}"
EndProject
Global
	GlobalSection(SolutionConfigurationPlatforms) = preSolution
		Debug|Any CPU = Debug|Any CPU
		Release|Any CPU = Release|Any CPU
	EndGlobalSection
	GlobalSection(ProjectConfigurationPlatforms) = postSolution
		{488759C2-3214-4782-A35B-A205EF595EF7}.Debug|Any CPU.ActiveCfg = Debug|Any CPU
		{488759C2-3214-4782-A35B-A205EF595EF7}.Debug|Any CPU.Build.0 = Debug|Any CPU
		{488759C2-3214-4782-A35B-A205EF595EF7}.Release|Any CPU.ActiveCfg = Release|Any CPU
		{488759C2-3214-4782-A35B-A205EF595EF7}.Release|Any CPU.Build.0 = Release|Any CPU
	EndGlobalSection
	GlobalSection(SolutionProperties) = preSolution
		HideSolutionNode = FALSE
	EndGlobalSection
	GlobalSection(ExtensibilityGlobals) = postSolution
		SolutionGuid = {000EC434-2826-4EEE-A26D-04A5EA9D6574}
	EndGlobalSection
EndGlobal
